// !$*UTF8*$!
{
	archiveVersion = 1;
	classes = {
	};
	objectVersion = 50;
	objects = {

/* Begin PBXBuildFile section */
		04482B2224B079FF00C10CA2 /* CourseInfoViewController.swift in Sources */ = {isa = PBXBuildFile; fileRef = 04482B2124B079FF00C10CA2 /* CourseInfoViewController.swift */; };
		04482B2424B0982E00C10CA2 /* InstructorTableViewCell.swift in Sources */ = {isa = PBXBuildFile; fileRef = 04482B2324B0982E00C10CA2 /* InstructorTableViewCell.swift */; };
		04A12C3A24AE2B570049C9FB /* AppDelegate.swift in Sources */ = {isa = PBXBuildFile; fileRef = 04A12C3924AE2B570049C9FB /* AppDelegate.swift */; };
		04A12C3C24AE2B570049C9FB /* SceneDelegate.swift in Sources */ = {isa = PBXBuildFile; fileRef = 04A12C3B24AE2B570049C9FB /* SceneDelegate.swift */; };
		04A12C3E24AE2B570049C9FB /* ViewController.swift in Sources */ = {isa = PBXBuildFile; fileRef = 04A12C3D24AE2B570049C9FB /* ViewController.swift */; };
		04A12C4124AE2B570049C9FB /* Main.storyboard in Resources */ = {isa = PBXBuildFile; fileRef = 04A12C3F24AE2B570049C9FB /* Main.storyboard */; };
		04A12C4324AE2B580049C9FB /* Assets.xcassets in Resources */ = {isa = PBXBuildFile; fileRef = 04A12C4224AE2B580049C9FB /* Assets.xcassets */; };
		04A12C4624AE2B580049C9FB /* LaunchScreen.storyboard in Resources */ = {isa = PBXBuildFile; fileRef = 04A12C4424AE2B580049C9FB /* LaunchScreen.storyboard */; };
		04A12C4E24AE44520049C9FB /* Podfile in Resources */ = {isa = PBXBuildFile; fileRef = 04A12C4D24AE44520049C9FB /* Podfile */; };
		04ED32C024AF18A500301C6C /* Constants.swift in Sources */ = {isa = PBXBuildFile; fileRef = 04ED32BF24AF18A500301C6C /* Constants.swift */; };
		04ED32C224AF5A4C00301C6C /* SignupViewController.swift in Sources */ = {isa = PBXBuildFile; fileRef = 04ED32C124AF5A4C00301C6C /* SignupViewController.swift */; };
		04ED32C624AFA47A00301C6C /* InstructorSettingViewController.swift in Sources */ = {isa = PBXBuildFile; fileRef = 04ED32C524AFA47A00301C6C /* InstructorSettingViewController.swift */; };
		04ED32C824AFA49200301C6C /* InstructorTableViewController.swift in Sources */ = {isa = PBXBuildFile; fileRef = 04ED32C724AFA49200301C6C /* InstructorTableViewController.swift */; };
		04ED32CA24AFA4B300301C6C /* InstrutorInfoViewController.swift in Sources */ = {isa = PBXBuildFile; fileRef = 04ED32C924AFA4B300301C6C /* InstrutorInfoViewController.swift */; };
		04ED32CC24AFA88B00301C6C /* StudentSettingViewController.swift in Sources */ = {isa = PBXBuildFile; fileRef = 04ED32CB24AFA88B00301C6C /* StudentSettingViewController.swift */; };
		04ED32CE24AFA8A000301C6C /* StudentTableViewController.swift in Sources */ = {isa = PBXBuildFile; fileRef = 04ED32CD24AFA8A000301C6C /* StudentTableViewController.swift */; };
		04ED32D024AFA8C200301C6C /* StudentInfoViewController.swift in Sources */ = {isa = PBXBuildFile; fileRef = 04ED32CF24AFA8C200301C6C /* StudentInfoViewController.swift */; };
		6211960AE3D6D369ABDE4FC5 /* Pods_Solar.framework in Frameworks */ = {isa = PBXBuildFile; fileRef = FAD9C24B8E92355D88DC9653 /* Pods_Solar.framework */; };
/* End PBXBuildFile section */

/* Begin PBXFileReference section */
		04482B2124B079FF00C10CA2 /* CourseInfoViewController.swift */ = {isa = PBXFileReference; lastKnownFileType = sourcecode.swift; path = CourseInfoViewController.swift; sourceTree = "<group>"; };
		04482B2324B0982E00C10CA2 /* InstructorTableViewCell.swift */ = {isa = PBXFileReference; lastKnownFileType = sourcecode.swift; path = InstructorTableViewCell.swift; sourceTree = "<group>"; };
		049A322424AE5D58003CE77B /* Solar-Bridging-Header.h */ = {isa = PBXFileReference; lastKnownFileType = sourcecode.c.h; path = "Solar-Bridging-Header.h"; sourceTree = "<group>"; };
		04A12C3624AE2B570049C9FB /* Solar.app */ = {isa = PBXFileReference; explicitFileType = wrapper.application; includeInIndex = 0; path = Solar.app; sourceTree = BUILT_PRODUCTS_DIR; };
		04A12C3924AE2B570049C9FB /* AppDelegate.swift */ = {isa = PBXFileReference; lastKnownFileType = sourcecode.swift; path = AppDelegate.swift; sourceTree = "<group>"; };
		04A12C3B24AE2B570049C9FB /* SceneDelegate.swift */ = {isa = PBXFileReference; lastKnownFileType = sourcecode.swift; path = SceneDelegate.swift; sourceTree = "<group>"; };
		04A12C3D24AE2B570049C9FB /* ViewController.swift */ = {isa = PBXFileReference; lastKnownFileType = sourcecode.swift; path = ViewController.swift; sourceTree = "<group>"; };
		04A12C4024AE2B570049C9FB /* Base */ = {isa = PBXFileReference; lastKnownFileType = file.storyboard; name = Base; path = Base.lproj/Main.storyboard; sourceTree = "<group>"; };
		04A12C4224AE2B580049C9FB /* Assets.xcassets */ = {isa = PBXFileReference; lastKnownFileType = folder.assetcatalog; path = Assets.xcassets; sourceTree = "<group>"; };
		04A12C4524AE2B580049C9FB /* Base */ = {isa = PBXFileReference; lastKnownFileType = file.storyboard; name = Base; path = Base.lproj/LaunchScreen.storyboard; sourceTree = "<group>"; };
		04A12C4724AE2B580049C9FB /* Info.plist */ = {isa = PBXFileReference; lastKnownFileType = text.plist.xml; path = Info.plist; sourceTree = "<group>"; };
		04A12C4D24AE44520049C9FB /* Podfile */ = {isa = PBXFileReference; fileEncoding = 4; lastKnownFileType = text; path = Podfile; sourceTree = "<group>"; };
		04ED32BF24AF18A500301C6C /* Constants.swift */ = {isa = PBXFileReference; lastKnownFileType = sourcecode.swift; path = Constants.swift; sourceTree = "<group>"; };
		04ED32C124AF5A4C00301C6C /* SignupViewController.swift */ = {isa = PBXFileReference; lastKnownFileType = sourcecode.swift; path = SignupViewController.swift; sourceTree = "<group>"; };
		04ED32C524AFA47A00301C6C /* InstructorSettingViewController.swift */ = {isa = PBXFileReference; lastKnownFileType = sourcecode.swift; path = InstructorSettingViewController.swift; sourceTree = "<group>"; };
		04ED32C724AFA49200301C6C /* InstructorTableViewController.swift */ = {isa = PBXFileReference; lastKnownFileType = sourcecode.swift; path = InstructorTableViewController.swift; sourceTree = "<group>"; };
		04ED32C924AFA4B300301C6C /* InstrutorInfoViewController.swift */ = {isa = PBXFileReference; lastKnownFileType = sourcecode.swift; path = InstrutorInfoViewController.swift; sourceTree = "<group>"; };
		04ED32CB24AFA88B00301C6C /* StudentSettingViewController.swift */ = {isa = PBXFileReference; lastKnownFileType = sourcecode.swift; path = StudentSettingViewController.swift; sourceTree = "<group>"; };
		04ED32CD24AFA8A000301C6C /* StudentTableViewController.swift */ = {isa = PBXFileReference; lastKnownFileType = sourcecode.swift; path = StudentTableViewController.swift; sourceTree = "<group>"; };
		04ED32CF24AFA8C200301C6C /* StudentInfoViewController.swift */ = {isa = PBXFileReference; lastKnownFileType = sourcecode.swift; path = StudentInfoViewController.swift; sourceTree = "<group>"; };
		2068BEC3AFBB6439C07AFC32 /* Pods-Solar.release.xcconfig */ = {isa = PBXFileReference; includeInIndex = 1; lastKnownFileType = text.xcconfig; name = "Pods-Solar.release.xcconfig"; path = "Target Support Files/Pods-Solar/Pods-Solar.release.xcconfig"; sourceTree = "<group>"; };
		C957E6DBF2720C43FB29AED8 /* Pods-Solar.debug.xcconfig */ = {isa = PBXFileReference; includeInIndex = 1; lastKnownFileType = text.xcconfig; name = "Pods-Solar.debug.xcconfig"; path = "Target Support Files/Pods-Solar/Pods-Solar.debug.xcconfig"; sourceTree = "<group>"; };
		FAD9C24B8E92355D88DC9653 /* Pods_Solar.framework */ = {isa = PBXFileReference; explicitFileType = wrapper.framework; includeInIndex = 0; path = Pods_Solar.framework; sourceTree = BUILT_PRODUCTS_DIR; };
/* End PBXFileReference section */

/* Begin PBXFrameworksBuildPhase section */
		04A12C3324AE2B570049C9FB /* Frameworks */ = {
			isa = PBXFrameworksBuildPhase;
			buildActionMask = 2147483647;
			files = (
				6211960AE3D6D369ABDE4FC5 /* Pods_Solar.framework in Frameworks */,
			);
			runOnlyForDeploymentPostprocessing = 0;
		};
/* End PBXFrameworksBuildPhase section */

/* Begin PBXGroup section */
		04A12C2D24AE2B570049C9FB = {
			isa = PBXGroup;
			children = (
				04A12C4D24AE44520049C9FB /* Podfile */,
				04A12C3824AE2B570049C9FB /* Solar */,
				04A12C3724AE2B570049C9FB /* Products */,
				F762AE8BE7544F72BAE7F000 /* Pods */,
				D2A130C2DEA77F3764CE8F7D /* Frameworks */,
			);
			sourceTree = "<group>";
		};
		04A12C3724AE2B570049C9FB /* Products */ = {
			isa = PBXGroup;
			children = (
				04A12C3624AE2B570049C9FB /* Solar.app */,
			);
			name = Products;
			sourceTree = "<group>";
		};
		04A12C3824AE2B570049C9FB /* Solar */ = {
			isa = PBXGroup;
			children = (
				04A12C3924AE2B570049C9FB /* AppDelegate.swift */,
				04A12C3B24AE2B570049C9FB /* SceneDelegate.swift */,
				04A12C3D24AE2B570049C9FB /* ViewController.swift */,
				04A12C3F24AE2B570049C9FB /* Main.storyboard */,
				04A12C4224AE2B580049C9FB /* Assets.xcassets */,
				04ED32C124AF5A4C00301C6C /* SignupViewController.swift */,
				04A12C4424AE2B580049C9FB /* LaunchScreen.storyboard */,
				04ED32C724AFA49200301C6C /* InstructorTableViewController.swift */,
				04482B2124B079FF00C10CA2 /* CourseInfoViewController.swift */,
				04482B2324B0982E00C10CA2 /* InstructorTableViewCell.swift */,
				04ED32C524AFA47A00301C6C /* InstructorSettingViewController.swift */,
				04ED32C924AFA4B300301C6C /* InstrutorInfoViewController.swift */,
				04ED32BF24AF18A500301C6C /* Constants.swift */,
				04ED32CB24AFA88B00301C6C /* StudentSettingViewController.swift */,
				04ED32CF24AFA8C200301C6C /* StudentInfoViewController.swift */,
				04A12C4724AE2B580049C9FB /* Info.plist */,
				04ED32CD24AFA8A000301C6C /* StudentTableViewController.swift */,
				049A322424AE5D58003CE77B /* Solar-Bridging-Header.h */,
			);
			path = Solar;
			sourceTree = "<group>";
		};
		D2A130C2DEA77F3764CE8F7D /* Frameworks */ = {
			isa = PBXGroup;
			children = (
				FAD9C24B8E92355D88DC9653 /* Pods_Solar.framework */,
			);
			name = Frameworks;
			sourceTree = "<group>";
		};
		F762AE8BE7544F72BAE7F000 /* Pods */ = {
			isa = PBXGroup;
			children = (
				C957E6DBF2720C43FB29AED8 /* Pods-Solar.debug.xcconfig */,
				2068BEC3AFBB6439C07AFC32 /* Pods-Solar.release.xcconfig */,
			);
			path = Pods;
			sourceTree = "<group>";
		};
/* End PBXGroup section */

/* Begin PBXNativeTarget section */
		04A12C3524AE2B570049C9FB /* Solar */ = {
			isa = PBXNativeTarget;
			buildConfigurationList = 04A12C4A24AE2B580049C9FB /* Build configuration list for PBXNativeTarget "Solar" */;
			buildPhases = (
				6B019BE33FD670955A017096 /* [CP] Check Pods Manifest.lock */,
				04A12C3224AE2B570049C9FB /* Sources */,
				04A12C3324AE2B570049C9FB /* Frameworks */,
				04A12C3424AE2B570049C9FB /* Resources */,
			);
			buildRules = (
			);
			dependencies = (
			);
			name = Solar;
			productName = Solar;
			productReference = 04A12C3624AE2B570049C9FB /* Solar.app */;
			productType = "com.apple.product-type.application";
		};
/* End PBXNativeTarget section */

/* Begin PBXProject section */
		04A12C2E24AE2B570049C9FB /* Project object */ = {
			isa = PBXProject;
			attributes = {
				LastSwiftUpdateCheck = 1150;
				LastUpgradeCheck = 1150;
				ORGANIZATIONNAME = mac;
				TargetAttributes = {
					04A12C3524AE2B570049C9FB = {
						CreatedOnToolsVersion = 11.5;
						LastSwiftMigration = 1150;
					};
				};
			};
			buildConfigurationList = 04A12C3124AE2B570049C9FB /* Build configuration list for PBXProject "Solar" */;
			compatibilityVersion = "Xcode 9.3";
			developmentRegion = en;
			hasScannedForEncodings = 0;
			knownRegions = (
				en,
				Base,
			);
			mainGroup = 04A12C2D24AE2B570049C9FB;
			productRefGroup = 04A12C3724AE2B570049C9FB /* Products */;
			projectDirPath = "";
			projectRoot = "";
			targets = (
				04A12C3524AE2B570049C9FB /* Solar */,
			);
		};
/* End PBXProject section */

/* Begin PBXResourcesBuildPhase section */
		04A12C3424AE2B570049C9FB /* Resources */ = {
			isa = PBXResourcesBuildPhase;
			buildActionMask = 2147483647;
			files = (
				04A12C4624AE2B580049C9FB /* LaunchScreen.storyboard in Resources */,
				04A12C4324AE2B580049C9FB /* Assets.xcassets in Resources */,
				04A12C4E24AE44520049C9FB /* Podfile in Resources */,
				04A12C4124AE2B570049C9FB /* Main.storyboard in Resources */,
			);
			runOnlyForDeploymentPostprocessing = 0;
		};
/* End PBXResourcesBuildPhase section */

/* Begin PBXShellScriptBuildPhase section */
		6B019BE33FD670955A017096 /* [CP] Check Pods Manifest.lock */ = {
			isa = PBXShellScriptBuildPhase;
			buildActionMask = 2147483647;
			files = (
			);
			inputFileListPaths = (
			);
			inputPaths = (
				"${PODS_PODFILE_DIR_PATH}/Podfile.lock",
				"${PODS_ROOT}/Manifest.lock",
			);
			name = "[CP] Check Pods Manifest.lock";
			outputFileListPaths = (
			);
			outputPaths = (
				"$(DERIVED_FILE_DIR)/Pods-Solar-checkManifestLockResult.txt",
			);
			runOnlyForDeploymentPostprocessing = 0;
			shellPath = /bin/sh;
			shellScript = "diff \"${PODS_PODFILE_DIR_PATH}/Podfile.lock\" \"${PODS_ROOT}/Manifest.lock\" > /dev/null\nif [ $? != 0 ] ; then\n    # print error to STDERR\n    echo \"error: The sandbox is not in sync with the Podfile.lock. Run 'pod install' or update your CocoaPods installation.\" >&2\n    exit 1\nfi\n# This output is used by Xcode 'outputs' to avoid re-running this script phase.\necho \"SUCCESS\" > \"${SCRIPT_OUTPUT_FILE_0}\"\n";
			showEnvVarsInLog = 0;
		};
/* End PBXShellScriptBuildPhase section */

/* Begin PBXSourcesBuildPhase section */
		04A12C3224AE2B570049C9FB /* Sources */ = {
			isa = PBXSourcesBuildPhase;
			buildActionMask = 2147483647;
			files = (
				04A12C3E24AE2B570049C9FB /* ViewController.swift in Sources */,
				04A12C3A24AE2B570049C9FB /* AppDelegate.swift in Sources */,
				04ED32CC24AFA88B00301C6C /* StudentSettingViewController.swift in Sources */,
				04ED32C624AFA47A00301C6C /* InstructorSettingViewController.swift in Sources */,
				04ED32CA24AFA4B300301C6C /* InstrutorInfoViewController.swift in Sources */,
				04482B2224B079FF00C10CA2 /* CourseInfoViewController.swift in Sources */,
				04482B2424B0982E00C10CA2 /* InstructorTableViewCell.swift in Sources */,
				04ED32C224AF5A4C00301C6C /* SignupViewController.swift in Sources */,
				04ED32C824AFA49200301C6C /* InstructorTableViewController.swift in Sources */,
				04A12C3C24AE2B570049C9FB /* SceneDelegate.swift in Sources */,
				04ED32CE24AFA8A000301C6C /* StudentTableViewController.swift in Sources */,
				04ED32D024AFA8C200301C6C /* StudentInfoViewController.swift in Sources */,
				04ED32C024AF18A500301C6C /* Constants.swift in Sources */,
			);
			runOnlyForDeploymentPostprocessing = 0;
		};
/* End PBXSourcesBuildPhase section */

/* Begin PBXVariantGroup section */
		04A12C3F24AE2B570049C9FB /* Main.storyboard */ = {
			isa = PBXVariantGroup;
			children = (
				04A12C4024AE2B570049C9FB /* Base */,
			);
			name = Main.storyboard;
			sourceTree = "<group>";
		};
		04A12C4424AE2B580049C9FB /* LaunchScreen.storyboard */ = {
			isa = PBXVariantGroup;
			children = (
				04A12C4524AE2B580049C9FB /* Base */,
			);
			name = LaunchScreen.storyboard;
			sourceTree = "<group>";
		};
/* End PBXVariantGroup section */

/* Begin XCBuildConfiguration section */
		04A12C4824AE2B580049C9FB /* Debug */ = {
			isa = XCBuildConfiguration;
			buildSettings = {
				ALWAYS_SEARCH_USER_PATHS = NO;
				CLANG_ANALYZER_NONNULL = YES;
				CLANG_ANALYZER_NUMBER_OBJECT_CONVERSION = YES_AGGRESSIVE;
				CLANG_CXX_LANGUAGE_STANDARD = "gnu++14";
				CLANG_CXX_LIBRARY = "libc++";
				CLANG_ENABLE_MODULES = YES;
				CLANG_ENABLE_OBJC_ARC = YES;
				CLANG_ENABLE_OBJC_WEAK = YES;
				CLANG_WARN_BLOCK_CAPTURE_AUTORELEASING = YES;
				CLANG_WARN_BOOL_CONVERSION = YES;
				CLANG_WARN_COMMA = YES;
				CLANG_WARN_CONSTANT_CONVERSION = YES;
				CLANG_WARN_DEPRECATED_OBJC_IMPLEMENTATIONS = YES;
				CLANG_WARN_DIRECT_OBJC_ISA_USAGE = YES_ERROR;
				CLANG_WARN_DOCUMENTATION_COMMENTS = YES;
				CLANG_WARN_EMPTY_BODY = YES;
				CLANG_WARN_ENUM_CONVERSION = YES;
				CLANG_WARN_INFINITE_RECURSION = YES;
				CLANG_WARN_INT_CONVERSION = YES;
				CLANG_WARN_NON_LITERAL_NULL_CONVERSION = YES;
				CLANG_WARN_OBJC_IMPLICIT_RETAIN_SELF = YES;
				CLANG_WARN_OBJC_LITERAL_CONVERSION = YES;
				CLANG_WARN_OBJC_ROOT_CLASS = YES_ERROR;
				CLANG_WARN_RANGE_LOOP_ANALYSIS = YES;
				CLANG_WARN_STRICT_PROTOTYPES = YES;
				CLANG_WARN_SUSPICIOUS_MOVE = YES;
				CLANG_WARN_UNGUARDED_AVAILABILITY = YES_AGGRESSIVE;
				CLANG_WARN_UNREACHABLE_CODE = YES;
				CLANG_WARN__DUPLICATE_METHOD_MATCH = YES;
				COPY_PHASE_STRIP = NO;
				DEBUG_INFORMATION_FORMAT = dwarf;
				ENABLE_STRICT_OBJC_MSGSEND = YES;
				ENABLE_TESTABILITY = YES;
				GCC_C_LANGUAGE_STANDARD = gnu11;
				GCC_DYNAMIC_NO_PIC = NO;
				GCC_NO_COMMON_BLOCKS = YES;
				GCC_OPTIMIZATION_LEVEL = 0;
				GCC_PREPROCESSOR_DEFINITIONS = (
					"DEBUG=1",
					"$(inherited)",
				);
				GCC_WARN_64_TO_32_BIT_CONVERSION = YES;
				GCC_WARN_ABOUT_RETURN_TYPE = YES_ERROR;
				GCC_WARN_UNDECLARED_SELECTOR = YES;
				GCC_WARN_UNINITIALIZED_AUTOS = YES_AGGRESSIVE;
				GCC_WARN_UNUSED_FUNCTION = YES;
				GCC_WARN_UNUSED_VARIABLE = YES;
				IPHONEOS_DEPLOYMENT_TARGET = 13.5;
				MTL_ENABLE_DEBUG_INFO = INCLUDE_SOURCE;
				MTL_FAST_MATH = YES;
				ONLY_ACTIVE_ARCH = YES;
				SDKROOT = iphoneos;
				SWIFT_ACTIVE_COMPILATION_CONDITIONS = DEBUG;
				SWIFT_OPTIMIZATION_LEVEL = "-Onone";
			};
			name = Debug;
		};
		04A12C4924AE2B580049C9FB /* Release */ = {
			isa = XCBuildConfiguration;
			buildSettings = {
				ALWAYS_SEARCH_USER_PATHS = NO;
				CLANG_ANALYZER_NONNULL = YES;
				CLANG_ANALYZER_NUMBER_OBJECT_CONVERSION = YES_AGGRESSIVE;
				CLANG_CXX_LANGUAGE_STANDARD = "gnu++14";
				CLANG_CXX_LIBRARY = "libc++";
				CLANG_ENABLE_MODULES = YES;
				CLANG_ENABLE_OBJC_ARC = YES;
				CLANG_ENABLE_OBJC_WEAK = YES;
				CLANG_WARN_BLOCK_CAPTURE_AUTORELEASING = YES;
				CLANG_WARN_BOOL_CONVERSION = YES;
				CLANG_WARN_COMMA = YES;
				CLANG_WARN_CONSTANT_CONVERSION = YES;
				CLANG_WARN_DEPRECATED_OBJC_IMPLEMENTATIONS = YES;
				CLANG_WARN_DIRECT_OBJC_ISA_USAGE = YES_ERROR;
				CLANG_WARN_DOCUMENTATION_COMMENTS = YES;
				CLANG_WARN_EMPTY_BODY = YES;
				CLANG_WARN_ENUM_CONVERSION = YES;
				CLANG_WARN_INFINITE_RECURSION = YES;
				CLANG_WARN_INT_CONVERSION = YES;
				CLANG_WARN_NON_LITERAL_NULL_CONVERSION = YES;
				CLANG_WARN_OBJC_IMPLICIT_RETAIN_SELF = YES;
				CLANG_WARN_OBJC_LITERAL_CONVERSION = YES;
				CLANG_WARN_OBJC_ROOT_CLASS = YES_ERROR;
				CLANG_WARN_RANGE_LOOP_ANALYSIS = YES;
				CLANG_WARN_STRICT_PROTOTYPES = YES;
				CLANG_WARN_SUSPICIOUS_MOVE = YES;
				CLANG_WARN_UNGUARDED_AVAILABILITY = YES_AGGRESSIVE;
				CLANG_WARN_UNREACHABLE_CODE = YES;
				CLANG_WARN__DUPLICATE_METHOD_MATCH = YES;
				COPY_PHASE_STRIP = NO;
				DEBUG_INFORMATION_FORMAT = "dwarf-with-dsym";
				ENABLE_NS_ASSERTIONS = NO;
				ENABLE_STRICT_OBJC_MSGSEND = YES;
				GCC_C_LANGUAGE_STANDARD = gnu11;
				GCC_NO_COMMON_BLOCKS = YES;
				GCC_WARN_64_TO_32_BIT_CONVERSION = YES;
				GCC_WARN_ABOUT_RETURN_TYPE = YES_ERROR;
				GCC_WARN_UNDECLARED_SELECTOR = YES;
				GCC_WARN_UNINITIALIZED_AUTOS = YES_AGGRESSIVE;
				GCC_WARN_UNUSED_FUNCTION = YES;
				GCC_WARN_UNUSED_VARIABLE = YES;
				IPHONEOS_DEPLOYMENT_TARGET = 13.5;
				MTL_ENABLE_DEBUG_INFO = NO;
				MTL_FAST_MATH = YES;
				SDKROOT = iphoneos;
				SWIFT_COMPILATION_MODE = wholemodule;
				SWIFT_OPTIMIZATION_LEVEL = "-O";
				VALIDATE_PRODUCT = YES;
			};
			name = Release;
		};
		04A12C4B24AE2B580049C9FB /* Debug */ = {
			isa = XCBuildConfiguration;
			baseConfigurationReference = C957E6DBF2720C43FB29AED8 /* Pods-Solar.debug.xcconfig */;
			buildSettings = {
				ASSETCATALOG_COMPILER_APPICON_NAME = AppIcon;
				CLANG_ENABLE_MODULES = YES;
				CODE_SIGN_STYLE = Automatic;
				DEVELOPMENT_TEAM = UNYARQV8VD;
				INFOPLIST_FILE = Solar/Info.plist;
				LD_RUNPATH_SEARCH_PATHS = (
					"$(inherited)",
					"@executable_path/Frameworks",
				);
				PRODUCT_BUNDLE_IDENTIFIER = myapp.Solar;
				PRODUCT_NAME = "$(TARGET_NAME)";
				SWIFT_OBJC_BRIDGING_HEADER = "Solar/Solar-Bridging-Header.h";
				SWIFT_OPTIMIZATION_LEVEL = "-Onone";
				SWIFT_VERSION = 5.0;
				TARGETED_DEVICE_FAMILY = "1,2";
			};
			name = Debug;
		};
		04A12C4C24AE2B580049C9FB /* Release */ = {
			isa = XCBuildConfiguration;
			baseConfigurationReference = 2068BEC3AFBB6439C07AFC32 /* Pods-Solar.release.xcconfig */;
			buildSettings = {
				ASSETCATALOG_COMPILER_APPICON_NAME = AppIcon;
				CLANG_ENABLE_MODULES = YES;
				CODE_SIGN_STYLE = Automatic;
				DEVELOPMENT_TEAM = UNYARQV8VD;
				INFOPLIST_FILE = Solar/Info.plist;
				LD_RUNPATH_SEARCH_PATHS = (
					"$(inherited)",
					"@executable_path/Frameworks",
				);
				PRODUCT_BUNDLE_IDENTIFIER = myapp.Solar;
				PRODUCT_NAME = "$(TARGET_NAME)";
				SWIFT_OBJC_BRIDGING_HEADER = "Solar/Solar-Bridging-Header.h";
				SWIFT_VERSION = 5.0;
				TARGETED_DEVICE_FAMILY = "1,2";
			};
			name = Release;
		};
/* End XCBuildConfiguration section */

/* Begin XCConfigurationList section */
		04A12C3124AE2B570049C9FB /* Build configuration list for PBXProject "Solar" */ = {
			isa = XCConfigurationList;
			buildConfigurations = (
				04A12C4824AE2B580049C9FB /* Debug */,
				04A12C4924AE2B580049C9FB /* Release */,
			);
			defaultConfigurationIsVisible = 0;
			defaultConfigurationName = Release;
		};
		04A12C4A24AE2B580049C9FB /* Build configuration list for PBXNativeTarget "Solar" */ = {
			isa = XCConfigurationList;
			buildConfigurations = (
				04A12C4B24AE2B580049C9FB /* Debug */,
				04A12C4C24AE2B580049C9FB /* Release */,
			);
			defaultConfigurationIsVisible = 0;
			defaultConfigurationName = Release;
		};
/* End XCConfigurationList section */
	};
	rootObject = 04A12C2E24AE2B570049C9FB /* Project object */;
}
